// !$*UTF8*$!
{
	archiveVersion = 1;
	classes = {
	};
	objectVersion = 50;
	objects = {

/* Begin PBXBuildFile section */
		CF4D5C1F223A52B700B23B8E /* AppDelegate.m in Sources */ = {isa = PBXBuildFile; fileRef = CF4D5C1E223A52B700B23B8E /* AppDelegate.m */; };
		CF4D5C22223A52B700B23B8E /* ViewController.m in Sources */ = {isa = PBXBuildFile; fileRef = CF4D5C21223A52B700B23B8E /* ViewController.m */; };
		CF4D5C25223A52B700B23B8E /* Main.storyboard in Resources */ = {isa = PBXBuildFile; fileRef = CF4D5C23223A52B700B23B8E /* Main.storyboard */; };
		CF4D5C27223A52B800B23B8E /* Assets.xcassets in Resources */ = {isa = PBXBuildFile; fileRef = CF4D5C26223A52B800B23B8E /* Assets.xcassets */; };
		CF4D5C2A223A52B800B23B8E /* LaunchScreen.storyboard in Resources */ = {isa = PBXBuildFile; fileRef = CF4D5C28223A52B800B23B8E /* LaunchScreen.storyboard */; };
		CF4D5C2D223A52B800B23B8E /* main.m in Sources */ = {isa = PBXBuildFile; fileRef = CF4D5C2C223A52B800B23B8E /* main.m */; };
		CF4D5C37223A52B800B23B8E /* SimpleChatDemoTests.m in Sources */ = {isa = PBXBuildFile; fileRef = CF4D5C36223A52B800B23B8E /* SimpleChatDemoTests.m */; };
		CF4D5C42223A52B800B23B8E /* SimpleChatDemoUITests.m in Sources */ = {isa = PBXBuildFile; fileRef = CF4D5C41223A52B800B23B8E /* SimpleChatDemoUITests.m */; };
		CF4D5C53223A52DF00B23B8E /* GCDAsyncSocket.m in Sources */ = {isa = PBXBuildFile; fileRef = CF4D5C50223A52DF00B23B8E /* GCDAsyncSocket.m */; };
		CF4D5C54223A52DF00B23B8E /* GCDAsyncUdpSocket.m in Sources */ = {isa = PBXBuildFile; fileRef = CF4D5C52223A52DF00B23B8E /* GCDAsyncUdpSocket.m */; };
		CF4D5C57223A5C1B00B23B8E /* UdpManager.m in Sources */ = {isa = PBXBuildFile; fileRef = CF4D5C56223A5C1B00B23B8E /* UdpManager.m */; };
/* End PBXBuildFile section */

/* Begin PBXContainerItemProxy section */
		CF4D5C33223A52B800B23B8E /* PBXContainerItemProxy */ = {
			isa = PBXContainerItemProxy;
			containerPortal = CF4D5C12223A52B700B23B8E /* Project object */;
			proxyType = 1;
			remoteGlobalIDString = CF4D5C19223A52B700B23B8E;
			remoteInfo = SimpleChatDemo;
		};
		CF4D5C3E223A52B800B23B8E /* PBXContainerItemProxy */ = {
			isa = PBXContainerItemProxy;
			containerPortal = CF4D5C12223A52B700B23B8E /* Project object */;
			proxyType = 1;
			remoteGlobalIDString = CF4D5C19223A52B700B23B8E;
			remoteInfo = SimpleChatDemo;
		};
/* End PBXContainerItemProxy section */

/* Begin PBXFileReference section */
		CF4D5C1A223A52B700B23B8E /* SimpleChatDemo.app */ = {isa = PBXFileReference; explicitFileType = wrapper.application; includeInIndex = 0; path = SimpleChatDemo.app; sourceTree = BUILT_PRODUCTS_DIR; };
		CF4D5C1D223A52B700B23B8E /* AppDelegate.h */ = {isa = PBXFileReference; lastKnownFileType = sourcecode.c.h; path = AppDelegate.h; sourceTree = "<group>"; };
		CF4D5C1E223A52B700B23B8E /* AppDelegate.m */ = {isa = PBXFileReference; lastKnownFileType = sourcecode.c.objc; path = AppDelegate.m; sourceTree = "<group>"; };
		CF4D5C20223A52B700B23B8E /* ViewController.h */ = {isa = PBXFileReference; lastKnownFileType = sourcecode.c.h; path = ViewController.h; sourceTree = "<group>"; };
		CF4D5C21223A52B700B23B8E /* ViewController.m */ = {isa = PBXFileReference; lastKnownFileType = sourcecode.c.objc; path = ViewController.m; sourceTree = "<group>"; };
		CF4D5C24223A52B700B23B8E /* Base */ = {isa = PBXFileReference; lastKnownFileType = file.storyboard; name = Base; path = Base.lproj/Main.storyboard; sourceTree = "<group>"; };
		CF4D5C26223A52B800B23B8E /* Assets.xcassets */ = {isa = PBXFileReference; lastKnownFileType = folder.assetcatalog; path = Assets.xcassets; sourceTree = "<group>"; };
		CF4D5C29223A52B800B23B8E /* Base */ = {isa = PBXFileReference; lastKnownFileType = file.storyboard; name = Base; path = Base.lproj/LaunchScreen.storyboard; sourceTree = "<group>"; };
		CF4D5C2B223A52B800B23B8E /* Info.plist */ = {isa = PBXFileReference; lastKnownFileType = text.plist.xml; path = Info.plist; sourceTree = "<group>"; };
		CF4D5C2C223A52B800B23B8E /* main.m */ = {isa = PBXFileReference; lastKnownFileType = sourcecode.c.objc; path = main.m; sourceTree = "<group>"; };
		CF4D5C32223A52B800B23B8E /* SimpleChatDemoTests.xctest */ = {isa = PBXFileReference; explicitFileType = wrapper.cfbundle; includeInIndex = 0; path = SimpleChatDemoTests.xctest; sourceTree = BUILT_PRODUCTS_DIR; };
		CF4D5C36223A52B800B23B8E /* SimpleChatDemoTests.m */ = {isa = PBXFileReference; lastKnownFileType = sourcecode.c.objc; path = SimpleChatDemoTests.m; sourceTree = "<group>"; };
		CF4D5C38223A52B800B23B8E /* Info.plist */ = {isa = PBXFileReference; lastKnownFileType = text.plist.xml; path = Info.plist; sourceTree = "<group>"; };
		CF4D5C3D223A52B800B23B8E /* SimpleChatDemoUITests.xctest */ = {isa = PBXFileReference; explicitFileType = wrapper.cfbundle; includeInIndex = 0; path = SimpleChatDemoUITests.xctest; sourceTree = BUILT_PRODUCTS_DIR; };
		CF4D5C41223A52B800B23B8E /* SimpleChatDemoUITests.m */ = {isa = PBXFileReference; lastKnownFileType = sourcecode.c.objc; path = SimpleChatDemoUITests.m; sourceTree = "<group>"; };
		CF4D5C43223A52B800B23B8E /* Info.plist */ = {isa = PBXFileReference; lastKnownFileType = text.plist.xml; path = Info.plist; sourceTree = "<group>"; };
		CF4D5C4F223A52DF00B23B8E /* GCDAsyncUdpSocket.h */ = {isa = PBXFileReference; fileEncoding = 4; lastKnownFileType = sourcecode.c.h; path = GCDAsyncUdpSocket.h; sourceTree = "<group>"; };
		CF4D5C50223A52DF00B23B8E /* GCDAsyncSocket.m */ = {isa = PBXFileReference; fileEncoding = 4; lastKnownFileType = sourcecode.c.objc; path = GCDAsyncSocket.m; sourceTree = "<group>"; };
		CF4D5C51223A52DF00B23B8E /* GCDAsyncSocket.h */ = {isa = PBXFileReference; fileEncoding = 4; lastKnownFileType = sourcecode.c.h; path = GCDAsyncSocket.h; sourceTree = "<group>"; };
		CF4D5C52223A52DF00B23B8E /* GCDAsyncUdpSocket.m */ = {isa = PBXFileReference; fileEncoding = 4; lastKnownFileType = sourcecode.c.objc; path = GCDAsyncUdpSocket.m; sourceTree = "<group>"; };
		CF4D5C55223A5C1B00B23B8E /* UdpManager.h */ = {isa = PBXFileReference; lastKnownFileType = sourcecode.c.h; path = UdpManager.h; sourceTree = "<group>"; };
		CF4D5C56223A5C1B00B23B8E /* UdpManager.m */ = {isa = PBXFileReference; lastKnownFileType = sourcecode.c.objc; path = UdpManager.m; sourceTree = "<group>"; };
/* End PBXFileReference section */

/* Begin PBXFrameworksBuildPhase section */
		CF4D5C17223A52B700B23B8E /* Frameworks */ = {
			isa = PBXFrameworksBuildPhase;
			buildActionMask = 2147483647;
			files = (
			);
			runOnlyForDeploymentPostprocessing = 0;
		};
		CF4D5C2F223A52B800B23B8E /* Frameworks */ = {
			isa = PBXFrameworksBuildPhase;
			buildActionMask = 2147483647;
			files = (
			);
			runOnlyForDeploymentPostprocessing = 0;
		};
		CF4D5C3A223A52B800B23B8E /* Frameworks */ = {
			isa = PBXFrameworksBuildPhase;
			buildActionMask = 2147483647;
			files = (
			);
			runOnlyForDeploymentPostprocessing = 0;
		};
/* End PBXFrameworksBuildPhase section */

/* Begin PBXGroup section */
		CF4D5C11223A52B700B23B8E = {
			isa = PBXGroup;
			children = (
				CF4D5C1C223A52B700B23B8E /* SimpleChatDemo */,
				CF4D5C35223A52B800B23B8E /* SimpleChatDemoTests */,
				CF4D5C40223A52B800B23B8E /* SimpleChatDemoUITests */,
				CF4D5C1B223A52B700B23B8E /* Products */,
			);
			sourceTree = "<group>";
		};
		CF4D5C1B223A52B700B23B8E /* Products */ = {
			isa = PBXGroup;
			children = (
				CF4D5C1A223A52B700B23B8E /* SimpleChatDemo.app */,
				CF4D5C32223A52B800B23B8E /* SimpleChatDemoTests.xctest */,
				CF4D5C3D223A52B800B23B8E /* SimpleChatDemoUITests.xctest */,
			);
			name = Products;
			sourceTree = "<group>";
		};
		CF4D5C1C223A52B700B23B8E /* SimpleChatDemo */ = {
			isa = PBXGroup;
			children = (
				CF4D5C1D223A52B700B23B8E /* AppDelegate.h */,
				CF4D5C1E223A52B700B23B8E /* AppDelegate.m */,
				CF4D5C20223A52B700B23B8E /* ViewController.h */,
				CF4D5C21223A52B700B23B8E /* ViewController.m */,
				CF4D5C55223A5C1B00B23B8E /* UdpManager.h */,
				CF4D5C56223A5C1B00B23B8E /* UdpManager.m */,
				CF4D5C51223A52DF00B23B8E /* GCDAsyncSocket.h */,
				CF4D5C50223A52DF00B23B8E /* GCDAsyncSocket.m */,
				CF4D5C4F223A52DF00B23B8E /* GCDAsyncUdpSocket.h */,
				CF4D5C52223A52DF00B23B8E /* GCDAsyncUdpSocket.m */,
				CF4D5C23223A52B700B23B8E /* Main.storyboard */,
				CF4D5C26223A52B800B23B8E /* Assets.xcassets */,
				CF4D5C28223A52B800B23B8E /* LaunchScreen.storyboard */,
				CF4D5C2B223A52B800B23B8E /* Info.plist */,
				CF4D5C2C223A52B800B23B8E /* main.m */,
			);
			path = SimpleChatDemo;
			sourceTree = "<group>";
		};
		CF4D5C35223A52B800B23B8E /* SimpleChatDemoTests */ = {
			isa = PBXGroup;
			children = (
				CF4D5C36223A52B800B23B8E /* SimpleChatDemoTests.m */,
				CF4D5C38223A52B800B23B8E /* Info.plist */,
			);
			path = SimpleChatDemoTests;
			sourceTree = "<group>";
		};
		CF4D5C40223A52B800B23B8E /* SimpleChatDemoUITests */ = {
			isa = PBXGroup;
			children = (
				CF4D5C41223A52B800B23B8E /* SimpleChatDemoUITests.m */,
				CF4D5C43223A52B800B23B8E /* Info.plist */,
			);
			path = SimpleChatDemoUITests;
			sourceTree = "<group>";
		};
/* End PBXGroup section */

/* Begin PBXNativeTarget section */
		CF4D5C19223A52B700B23B8E /* SimpleChatDemo */ = {
			isa = PBXNativeTarget;
			buildConfigurationList = CF4D5C46223A52B800B23B8E /* Build configuration list for PBXNativeTarget "SimpleChatDemo" */;
			buildPhases = (
				CF4D5C16223A52B700B23B8E /* Sources */,
				CF4D5C17223A52B700B23B8E /* Frameworks */,
				CF4D5C18223A52B700B23B8E /* Resources */,
			);
			buildRules = (
			);
			dependencies = (
			);
			name = SimpleChatDemo;
			productName = SimpleChatDemo;
			productReference = CF4D5C1A223A52B700B23B8E /* SimpleChatDemo.app */;
			productType = "com.apple.product-type.application";
		};
		CF4D5C31223A52B800B23B8E /* SimpleChatDemoTests */ = {
			isa = PBXNativeTarget;
			buildConfigurationList = CF4D5C49223A52B800B23B8E /* Build configuration list for PBXNativeTarget "SimpleChatDemoTests" */;
			buildPhases = (
				CF4D5C2E223A52B800B23B8E /* Sources */,
				CF4D5C2F223A52B800B23B8E /* Frameworks */,
				CF4D5C30223A52B800B23B8E /* Resources */,
			);
			buildRules = (
			);
			dependencies = (
				CF4D5C34223A52B800B23B8E /* PBXTargetDependency */,
			);
			name = SimpleChatDemoTests;
			productName = SimpleChatDemoTests;
			productReference = CF4D5C32223A52B800B23B8E /* SimpleChatDemoTests.xctest */;
			productType = "com.apple.product-type.bundle.unit-test";
		};
		CF4D5C3C223A52B800B23B8E /* SimpleChatDemoUITests */ = {
			isa = PBXNativeTarget;
			buildConfigurationList = CF4D5C4C223A52B800B23B8E /* Build configuration list for PBXNativeTarget "SimpleChatDemoUITests" */;
			buildPhases = (
				CF4D5C39223A52B800B23B8E /* Sources */,
				CF4D5C3A223A52B800B23B8E /* Frameworks */,
				CF4D5C3B223A52B800B23B8E /* Resources */,
			);
			buildRules = (
			);
			dependencies = (
				CF4D5C3F223A52B800B23B8E /* PBXTargetDependency */,
			);
			name = SimpleChatDemoUITests;
			productName = SimpleChatDemoUITests;
			productReference = CF4D5C3D223A52B800B23B8E /* SimpleChatDemoUITests.xctest */;
			productType = "com.apple.product-type.bundle.ui-testing";
		};
/* End PBXNativeTarget section */

/* Begin PBXProject section */
		CF4D5C12223A52B700B23B8E /* Project object */ = {
			isa = PBXProject;
			attributes = {
				LastUpgradeCheck = 1010;
				ORGANIZATIONNAME = "王勇";
				TargetAttributes = {
					CF4D5C19223A52B700B23B8E = {
						CreatedOnToolsVersion = 10.1;
					};
					CF4D5C31223A52B800B23B8E = {
						CreatedOnToolsVersion = 10.1;
						TestTargetID = CF4D5C19223A52B700B23B8E;
					};
					CF4D5C3C223A52B800B23B8E = {
						CreatedOnToolsVersion = 10.1;
						TestTargetID = CF4D5C19223A52B700B23B8E;
					};
				};
			};
			buildConfigurationList = CF4D5C15223A52B700B23B8E /* Build configuration list for PBXProject "SimpleChatDemo" */;
			compatibilityVersion = "Xcode 9.3";
			developmentRegion = en;
			hasScannedForEncodings = 0;
			knownRegions = (
				en,
				Base,
			);
			mainGroup = CF4D5C11223A52B700B23B8E;
			productRefGroup = CF4D5C1B223A52B700B23B8E /* Products */;
			projectDirPath = "";
			projectRoot = "";
			targets = (
				CF4D5C19223A52B700B23B8E /* SimpleChatDemo */,
				CF4D5C31223A52B800B23B8E /* SimpleChatDemoTests */,
				CF4D5C3C223A52B800B23B8E /* SimpleChatDemoUITests */,
			);
		};
/* End PBXProject section */

/* Begin PBXResourcesBuildPhase section */
		CF4D5C18223A52B700B23B8E /* Resources */ = {
			isa = PBXResourcesBuildPhase;
			buildActionMask = 2147483647;
			files = (
				CF4D5C2A223A52B800B23B8E /* LaunchScreen.storyboard in Resources */,
				CF4D5C27223A52B800B23B8E /* Assets.xcassets in Resources */,
				CF4D5C25223A52B700B23B8E /* Main.storyboard in Resources */,
			);
			runOnlyForDeploymentPostprocessing = 0;
		};
		CF4D5C30223A52B800B23B8E /* Resources */ = {
			isa = PBXResourcesBuildPhase;
			buildActionMask = 2147483647;
			files = (
			);
			runOnlyForDeploymentPostprocessing = 0;
		};
		CF4D5C3B223A52B800B23B8E /* Resources */ = {
			isa = PBXResourcesBuildPhase;
			buildActionMask = 2147483647;
			files = (
			);
			runOnlyForDeploymentPostprocessing = 0;
		};
/* End PBXResourcesBuildPhase section */

/* Begin PBXSourcesBuildPhase section */
		CF4D5C16223A52B700B23B8E /* Sources */ = {
			isa = PBXSourcesBuildPhase;
			buildActionMask = 2147483647;
			files = (
				CF4D5C53223A52DF00B23B8E /* GCDAsyncSocket.m in Sources */,
				CF4D5C54223A52DF00B23B8E /* GCDAsyncUdpSocket.m in Sources */,
				CF4D5C22223A52B700B23B8E /* ViewController.m in Sources */,
				CF4D5C57223A5C1B00B23B8E /* UdpManager.m in Sources */,
				CF4D5C2D223A52B800B23B8E /* main.m in Sources */,
				CF4D5C1F223A52B700B23B8E /* AppDelegate.m in Sources */,
			);
			runOnlyForDeploymentPostprocessing = 0;
		};
		CF4D5C2E223A52B800B23B8E /* Sources */ = {
			isa = PBXSourcesBuildPhase;
			buildActionMask = 2147483647;
			files = (
				CF4D5C37223A52B800B23B8E /* SimpleChatDemoTests.m in Sources */,
			);
			runOnlyForDeploymentPostprocessing = 0;
		};
		CF4D5C39223A52B800B23B8E /* Sources */ = {
			isa = PBXSourcesBuildPhase;
			buildActionMask = 2147483647;
			files = (
				CF4D5C42223A52B800B23B8E /* SimpleChatDemoUITests.m in Sources */,
			);
			runOnlyForDeploymentPostprocessing = 0;
		};
/* End PBXSourcesBuildPhase section */

/* Begin PBXTargetDependency section */
		CF4D5C34223A52B800B23B8E /* PBXTargetDependency */ = {
			isa = PBXTargetDependency;
			target = CF4D5C19223A52B700B23B8E /* SimpleChatDemo */;
			targetProxy = CF4D5C33223A52B800B23B8E /* PBXContainerItemProxy */;
		};
		CF4D5C3F223A52B800B23B8E /* PBXTargetDependency */ = {
			isa = PBXTargetDependency;
			target = CF4D5C19223A52B700B23B8E /* SimpleChatDemo */;
			targetProxy = CF4D5C3E223A52B800B23B8E /* PBXContainerItemProxy */;
		};
/* End PBXTargetDependency section */

/* Begin PBXVariantGroup section */
		CF4D5C23223A52B700B23B8E /* Main.storyboard */ = {
			isa = PBXVariantGroup;
			children = (
				CF4D5C24223A52B700B23B8E /* Base */,
			);
			name = Main.storyboard;
			sourceTree = "<group>";
		};
		CF4D5C28223A52B800B23B8E /* LaunchScreen.storyboard */ = {
			isa = PBXVariantGroup;
			children = (
				CF4D5C29223A52B800B23B8E /* Base */,
			);
			name = LaunchScreen.storyboard;
			sourceTree = "<group>";
		};
/* End PBXVariantGroup section */

/* Begin XCBuildConfiguration section */
		CF4D5C44223A52B800B23B8E /* Debug */ = {
			isa = XCBuildConfiguration;
			buildSettings = {
				ALWAYS_SEARCH_USER_PATHS = NO;
				CLANG_ANALYZER_NONNULL = YES;
				CLANG_ANALYZER_NUMBER_OBJECT_CONVERSION = YES_AGGRESSIVE;
				CLANG_CXX_LANGUAGE_STANDARD = "gnu++14";
				CLANG_CXX_LIBRARY = "libc++";
				CLANG_ENABLE_MODULES = YES;
				CLANG_ENABLE_OBJC_ARC = YES;
				CLANG_ENABLE_OBJC_WEAK = YES;
				CLANG_WARN_BLOCK_CAPTURE_AUTORELEASING = YES;
				CLANG_WARN_BOOL_CONVERSION = YES;
				CLANG_WARN_COMMA = YES;
				CLANG_WARN_CONSTANT_CONVERSION = YES;
				CLANG_WARN_DEPRECATED_OBJC_IMPLEMENTATIONS = YES;
				CLANG_WARN_DIRECT_OBJC_ISA_USAGE = YES_ERROR;
				CLANG_WARN_DOCUMENTATION_COMMENTS = YES;
				CLANG_WARN_EMPTY_BODY = YES;
				CLANG_WARN_ENUM_CONVERSION = YES;
				CLANG_WARN_INFINITE_RECURSION = YES;
				CLANG_WARN_INT_CONVERSION = YES;
				CLANG_WARN_NON_LITERAL_NULL_CONVERSION = YES;
				CLANG_WARN_OBJC_IMPLICIT_RETAIN_SELF = YES;
				CLANG_WARN_OBJC_LITERAL_CONVERSION = YES;
				CLANG_WARN_OBJC_ROOT_CLASS = YES_ERROR;
				CLANG_WARN_RANGE_LOOP_ANALYSIS = YES;
				CLANG_WARN_STRICT_PROTOTYPES = YES;
				CLANG_WARN_SUSPICIOUS_MOVE = YES;
				CLANG_WARN_UNGUARDED_AVAILABILITY = YES_AGGRESSIVE;
				CLANG_WARN_UNREACHABLE_CODE = YES;
				CLANG_WARN__DUPLICATE_METHOD_MATCH = YES;
				CODE_SIGN_IDENTITY = "iPhone Developer";
				COPY_PHASE_STRIP = NO;
				DEBUG_INFORMATION_FORMAT = dwarf;
				ENABLE_STRICT_OBJC_MSGSEND = YES;
				ENABLE_TESTABILITY = YES;
				GCC_C_LANGUAGE_STANDARD = gnu11;
				GCC_DYNAMIC_NO_PIC = NO;
				GCC_NO_COMMON_BLOCKS = YES;
				GCC_OPTIMIZATION_LEVEL = 0;
				GCC_PREPROCESSOR_DEFINITIONS = (
					"DEBUG=1",
					"$(inherited)",
				);
				GCC_WARN_64_TO_32_BIT_CONVERSION = YES;
				GCC_WARN_ABOUT_RETURN_TYPE = YES_ERROR;
				GCC_WARN_UNDECLARED_SELECTOR = YES;
				GCC_WARN_UNINITIALIZED_AUTOS = YES_AGGRESSIVE;
				GCC_WARN_UNUSED_FUNCTION = YES;
				GCC_WARN_UNUSED_VARIABLE = YES;
				IPHONEOS_DEPLOYMENT_TARGET = 12.1;
				MTL_ENABLE_DEBUG_INFO = INCLUDE_SOURCE;
				MTL_FAST_MATH = YES;
				ONLY_ACTIVE_ARCH = YES;
				SDKROOT = iphoneos;
			};
			name = Debug;
		};
		CF4D5C45223A52B800B23B8E /* Release */ = {
			isa = XCBuildConfiguration;
			buildSettings = {
				ALWAYS_SEARCH_USER_PATHS = NO;
				CLANG_ANALYZER_NONNULL = YES;
				CLANG_ANALYZER_NUMBER_OBJECT_CONVERSION = YES_AGGRESSIVE;
				CLANG_CXX_LANGUAGE_STANDARD = "gnu++14";
				CLANG_CXX_LIBRARY = "libc++";
				CLANG_ENABLE_MODULES = YES;
				CLANG_ENABLE_OBJC_ARC = YES;
				CLANG_ENABLE_OBJC_WEAK = YES;
				CLANG_WARN_BLOCK_CAPTURE_AUTORELEASING = YES;
				CLANG_WARN_BOOL_CONVERSION = YES;
				CLANG_WARN_COMMA = YES;
				CLANG_WARN_CONSTANT_CONVERSION = YES;
				CLANG_WARN_DEPRECATED_OBJC_IMPLEMENTATIONS = YES;
				CLANG_WARN_DIRECT_OBJC_ISA_USAGE = YES_ERROR;
				CLANG_WARN_DOCUMENTATION_COMMENTS = YES;
				CLANG_WARN_EMPTY_BODY = YES;
				CLANG_WARN_ENUM_CONVERSION = YES;
				CLANG_WARN_INFINITE_RECURSION = YES;
				CLANG_WARN_INT_CONVERSION = YES;
				CLANG_WARN_NON_LITERAL_NULL_CONVERSION = YES;
				CLANG_WARN_OBJC_IMPLICIT_RETAIN_SELF = YES;
				CLANG_WARN_OBJC_LITERAL_CONVERSION = YES;
				CLANG_WARN_OBJC_ROOT_CLASS = YES_ERROR;
				CLANG_WARN_RANGE_LOOP_ANALYSIS = YES;
				CLANG_WARN_STRICT_PROTOTYPES = YES;
				CLANG_WARN_SUSPICIOUS_MOVE = YES;
				CLANG_WARN_UNGUARDED_AVAILABILITY = YES_AGGRESSIVE;
				CLANG_WARN_UNREACHABLE_CODE = YES;
				CLANG_WARN__DUPLICATE_METHOD_MATCH = YES;
				CODE_SIGN_IDENTITY = "iPhone Developer";
				COPY_PHASE_STRIP = NO;
				DEBUG_INFORMATION_FORMAT = "dwarf-with-dsym";
				ENABLE_NS_ASSERTIONS = NO;
				ENABLE_STRICT_OBJC_MSGSEND = YES;
				GCC_C_LANGUAGE_STANDARD = gnu11;
				GCC_NO_COMMON_BLOCKS = YES;
				GCC_WARN_64_TO_32_BIT_CONVERSION = YES;
				GCC_WARN_ABOUT_RETURN_TYPE = YES_ERROR;
				GCC_WARN_UNDECLARED_SELECTOR = YES;
				GCC_WARN_UNINITIALIZED_AUTOS = YES_AGGRESSIVE;
				GCC_WARN_UNUSED_FUNCTION = YES;
				GCC_WARN_UNUSED_VARIABLE = YES;
				IPHONEOS_DEPLOYMENT_TARGET = 12.1;
				MTL_ENABLE_DEBUG_INFO = NO;
				MTL_FAST_MATH = YES;
				SDKROOT = iphoneos;
				VALIDATE_PRODUCT = YES;
			};
			name = Release;
		};
		CF4D5C47223A52B800B23B8E /* Debug */ = {
			isa = XCBuildConfiguration;
			buildSettings = {
				ASSETCATALOG_COMPILER_APPICON_NAME = AppIcon;
				CODE_SIGN_STYLE = Automatic;
				DEVELOPMENT_TEAM = 659739RC84;
				INFOPLIST_FILE = SimpleChatDemo/Info.plist;
				LD_RUNPATH_SEARCH_PATHS = (
					"$(inherited)",
					"@executable_path/Frameworks",
				);
				PRODUCT_BUNDLE_IDENTIFIER = "homed.-----------";
				PRODUCT_NAME = "$(TARGET_NAME)";
				TARGETED_DEVICE_FAMILY = "1,2";
			};
			name = Debug;
		};
		CF4D5C48223A52B800B23B8E /* Release */ = {
			isa = XCBuildConfiguration;
			buildSettings = {
				ASSETCATALOG_COMPILER_APPICON_NAME = AppIcon;
				CODE_SIGN_STYLE = Automatic;
				DEVELOPMENT_TEAM = 659739RC84;
				INFOPLIST_FILE = SimpleChatDemo/Info.plist;
				LD_RUNPATH_SEARCH_PATHS = (
					"$(inherited)",
					"@executable_path/Frameworks",
				);
				PRODUCT_BUNDLE_IDENTIFIER = "homed.-----------";
				PRODUCT_NAME = "$(TARGET_NAME)";
				TARGETED_DEVICE_FAMILY = "1,2";
			};
			name = Release;
		};
		CF4D5C4A223A52B800B23B8E /* Debug */ = {
			isa = XCBuildConfiguration;
			buildSettings = {
				BUNDLE_LOADER = "$(TEST_HOST)";
				CODE_SIGN_STYLE = Automatic;
				DEVELOPMENT_TEAM = 3D5W4KF224;
				INFOPLIST_FILE = SimpleChatDemoTests/Info.plist;
				LD_RUNPATH_SEARCH_PATHS = (
					"$(inherited)",
					"@executable_path/Frameworks",
					"@loader_path/Frameworks",
				);
				PRODUCT_BUNDLE_IDENTIFIER = wangyong.SimpleChatDemoTests;
				PRODUCT_NAME = "$(TARGET_NAME)";
				TARGETED_DEVICE_FAMILY = "1,2";
				TEST_HOST = "$(BUILT_PRODUCTS_DIR)/SimpleChatDemo.app/SimpleChatDemo";
			};
			name = Debug;
		};
		CF4D5C4B223A52B800B23B8E /* Release */ = {
			isa = XCBuildConfiguration;
			buildSettings = {
				BUNDLE_LOADER = "$(TEST_HOST)";
				CODE_SIGN_STYLE = Automatic;
				DEVELOPMENT_TEAM = 3D5W4KF224;
				INFOPLIST_FILE = SimpleChatDemoTests/Info.plist;
				LD_RUNPATH_SEARCH_PATHS = (
					"$(inherited)",
					"@executable_path/Frameworks",
					"@loader_path/Frameworks",
				);
				PRODUCT_BUNDLE_IDENTIFIER = wangyong.SimpleChatDemoTests;
				PRODUCT_NAME = "$(TARGET_NAME)";
				TARGETED_DEVICE_FAMILY = "1,2";
				TEST_HOST = "$(BUILT_PRODUCTS_DIR)/SimpleChatDemo.app/SimpleChatDemo";
			};
			name = Release;
		};
		CF4D5C4D223A52B800B23B8E /* Debug */ = {
			isa = XCBuildConfiguration;
			buildSettings = {
				CODE_SIGN_STYLE = Automatic;
				DEVELOPMENT_TEAM = 3D5W4KF224;
				INFOPLIST_FILE = SimpleChatDemoUITests/Info.plist;
				LD_RUNPATH_SEARCH_PATHS = (
					"$(inherited)",
					"@executable_path/Frameworks",
					"@loader_path/Frameworks",
				);
				PRODUCT_BUNDLE_IDENTIFIER = wangyong.SimpleChatDemoUITests;
				PRODUCT_NAME = "$(TARGET_NAME)";
				TARGETED_DEVICE_FAMILY = "1,2";
				TEST_TARGET_NAME = SimpleChatDemo;
			};
			name = Debug;
		};
		CF4D5C4E223A52B800B23B8E /* Release */ = {
			isa = XCBuildConfiguration;
			buildSettings = {
				CODE_SIGN_STYLE = Automatic;
				DEVELOPMENT_TEAM = 3D5W4KF224;
				INFOPLIST_FILE = SimpleChatDemoUITests/Info.plist;
				LD_RUNPATH_SEARCH_PATHS = (
					"$(inherited)",
					"@executable_path/Frameworks",
					"@loader_path/Frameworks",
				);
				PRODUCT_BUNDLE_IDENTIFIER = wangyong.SimpleChatDemoUITests;
				PRODUCT_NAME = "$(TARGET_NAME)";
				TARGETED_DEVICE_FAMILY = "1,2";
				TEST_TARGET_NAME = SimpleChatDemo;
			};
			name = Release;
		};
/* End XCBuildConfiguration section */

/* Begin XCConfigurationList section */
		CF4D5C15223A52B700B23B8E /* Build configuration list for PBXProject "SimpleChatDemo" */ = {
			isa = XCConfigurationList;
			buildConfigurations = (
				CF4D5C44223A52B800B23B8E /* Debug */,
				CF4D5C45223A52B800B23B8E /* Release */,
			);
			defaultConfigurationIsVisible = 0;
			defaultConfigurationName = Release;
		};
		CF4D5C46223A52B800B23B8E /* Build configuration list for PBXNativeTarget "SimpleChatDemo" */ = {
			isa = XCConfigurationList;
			buildConfigurations = (
				CF4D5C47223A52B800B23B8E /* Debug */,
				CF4D5C48223A52B800B23B8E /* Release */,
			);
			defaultConfigurationIsVisible = 0;
			defaultConfigurationName = Release;
		};
		CF4D5C49223A52B800B23B8E /* Build configuration list for PBXNativeTarget "SimpleChatDemoTests" */ = {
			isa = XCConfigurationList;
			buildConfigurations = (
				CF4D5C4A223A52B800B23B8E /* Debug */,
				CF4D5C4B223A52B800B23B8E /* Release */,
			);
			defaultConfigurationIsVisible = 0;
			defaultConfigurationName = Release;
		};
		CF4D5C4C223A52B800B23B8E /* Build configuration list for PBXNativeTarget "SimpleChatDemoUITests" */ = {
			isa = XCConfigurationList;
			buildConfigurations = (
				CF4D5C4D223A52B800B23B8E /* Debug */,
				CF4D5C4E223A52B800B23B8E /* Release */,
			);
			defaultConfigurationIsVisible = 0;
			defaultConfigurationName = Release;
		};
/* End XCConfigurationList section */
	};
	rootObject = CF4D5C12223A52B700B23B8E /* Project object */;
}
